
Microsoft Visual Studio Solution File, Format Version 12.00
# Visual Studio Version 17
VisualStudioVersion = 17.7.34221.43
MinimumVisualStudioVersion = 10.0.40219.1
Project("{9A19103F-16F7-4668-BE54-9A1E7A4F7556}") = "PZSaveManager", "PZSaveManager\PZSaveManager.csproj", "{890AE395-FB6F-4A30-83FA-9E0441AD22EE}"
EndProject
Project("{2150E333-8FDC-42A3-9474-1A3956D46DE8}") = "Solution Items", "Solution Items", "{F404E452-91F0-4BB2-A1A7-7F976A02F2E5}"
	ProjectSection(SolutionItems) = preProject
		.editorconfig = .editorconfig
	EndProjectSection
EndProject
Global
	GlobalSection(SolutionConfigurationPlatforms) = preSolution
		Debug|Any CPU = Debug|Any CPU
		Release|Any CPU = Release|Any CPU
	EndGlobalSection
	GlobalSection(ProjectConfigurationPlatforms) = postSolution
		{890AE395-FB6F-4A30-83FA-9E0441AD22EE}.Debug|Any CPU.ActiveCfg = Debug|Any CPU
		{890AE395-FB6F-4A30-83FA-9E0441AD22EE}.Debug|Any CPU.Build.0 = Debug|Any CPU
		{890AE395-FB6F-4A30-83FA-9E0441AD22EE}.Release|Any CPU.ActiveCfg = Release|Any CPU
		{890AE395-FB6F-4A30-83FA-9E0441AD22EE}.Release|Any CPU.Build.0 = Release|Any CPU
	EndGlobalSection
	GlobalSection(SolutionProperties) = preSolution
		HideSolutionNode = FALSE
	EndGlobalSection
	GlobalSection(ExtensibilityGlobals) = postSolution
		SolutionGuid = {422FCAE4-9F03-4474-A5E4-D22749F62F71}
	EndGlobalSection
EndGlobal
